Microsoft Visual Studio Solution File, Format Version 12.00
# Visual Studio Version 17
VisualStudioVersion = 17.5.2.0
MinimumVisualStudioVersion = 10.0.40219.1
Project("{FAE04EC0-301F-11D3-BF4B-00C04F79EFBC}") = "cronometro", "cronometro.csproj", "{68E0447C-FE52-899A-3FF6-2CBB86E8E759}"
EndProject
Global
	GlobalSection(SolutionConfigurationPlatforms) = preSolution
		Debug|Any CPU = Debug|Any CPU
		Release|Any CPU = Release|Any CPU
	EndGlobalSection
	GlobalSection(ProjectConfigurationPlatforms) = postSolution
		{68E0447C-FE52-899A-3FF6-2CBB86E8E759}.Debug|Any CPU.ActiveCfg = Debug|Any CPU
		{68E0447C-FE52-899A-3FF6-2CBB86E8E759}.Debug|Any CPU.Build.0 = Debug|Any CPU
		{68E0447C-FE52-899A-3FF6-2CBB86E8E759}.Release|Any CPU.ActiveCfg = Release|Any CPU
		{68E0447C-FE52-899A-3FF6-2CBB86E8E759}.Release|Any CPU.Build.0 = Release|Any CPU
	EndGlobalSection
	GlobalSection(SolutionProperties) = preSolution
		HideSolutionNode = FALSE
	EndGlobalSection
	GlobalSection(ExtensibilityGlobals) = postSolution
		SolutionGuid = {7A0FA38D-423B-4436-97E0-0EEC3CECC46E}
	EndGlobalSection
EndGlobal
